
Microsoft Visual Studio Solution File, Format Version 12.00
# Visual Studio 2013
VisualStudioVersion = 12.0.31101.0
MinimumVisualStudioVersion = 10.0.40219.1
Project("{FAE04EC0-301F-11D3-BF4B-00C04F79EFBC}") = "DBFirst", "DBFirst\DBFirst.csproj", "{86D9A5F3-5F00-4622-AE6C-B95A1602D9EF}"
EndProject
Project("{FAE04EC0-301F-11D3-BF4B-00C04F79EFBC}") = "CodeFirst", "CodeFirst\CodeFirst.csproj", "{D2324E35-AFF9-4072-9D56-E10F9ED829EB}"
EndProject
Project("{FAE04EC0-301F-11D3-BF4B-00C04F79EFBC}") = "XML_Serial", "XML_Serial\XML_Serial.csproj", "{A1D18AF4-0EB1-4FA2-AB1B-DEF4ADFFF6D6}"
EndProject
Project("{FAE04EC0-301F-11D3-BF4B-00C04F79EFBC}") = "T.MessageQueue.Test", "T.MessageQueue.Test\T.MessageQueue.Test.csproj", "{AD402A5B-2A60-47A9-BF48-8B21E0581FF2}"
EndProject
Project("{FAE04EC0-301F-11D3-BF4B-00C04F79EFBC}") = "T.MessageQueue.Rabbit", "T.MessageQueue.Rabbit\T.MessageQueue.Rabbit.csproj", "{9A5EAFD1-E1D0-4B26-ACB0-F53BC6D99401}"
EndProject
Project("{FAE04EC0-301F-11D3-BF4B-00C04F79EFBC}") = "WebAPI", "WebAPI\WebAPI.csproj", "{5E71DD9B-3B3E-4EF1-BF2C-4AF743C3CEB0}"
EndProject
Global
	GlobalSection(SolutionConfigurationPlatforms) = preSolution
		Debug|Any CPU = Debug|Any CPU
		Release|Any CPU = Release|Any CPU
	EndGlobalSection
	GlobalSection(ProjectConfigurationPlatforms) = postSolution
		{86D9A5F3-5F00-4622-AE6C-B95A1602D9EF}.Debug|Any CPU.ActiveCfg = Debug|Any CPU
		{86D9A5F3-5F00-4622-AE6C-B95A1602D9EF}.Debug|Any CPU.Build.0 = Debug|Any CPU
		{86D9A5F3-5F00-4622-AE6C-B95A1602D9EF}.Release|Any CPU.ActiveCfg = Release|Any CPU
		{86D9A5F3-5F00-4622-AE6C-B95A1602D9EF}.Release|Any CPU.Build.0 = Release|Any CPU
		{D2324E35-AFF9-4072-9D56-E10F9ED829EB}.Debug|Any CPU.ActiveCfg = Debug|Any CPU
		{D2324E35-AFF9-4072-9D56-E10F9ED829EB}.Debug|Any CPU.Build.0 = Debug|Any CPU
		{D2324E35-AFF9-4072-9D56-E10F9ED829EB}.Release|Any CPU.ActiveCfg = Release|Any CPU
		{D2324E35-AFF9-4072-9D56-E10F9ED829EB}.Release|Any CPU.Build.0 = Release|Any CPU
		{A1D18AF4-0EB1-4FA2-AB1B-DEF4ADFFF6D6}.Debug|Any CPU.ActiveCfg = Debug|Any CPU
		{A1D18AF4-0EB1-4FA2-AB1B-DEF4ADFFF6D6}.Debug|Any CPU.Build.0 = Debug|Any CPU
		{A1D18AF4-0EB1-4FA2-AB1B-DEF4ADFFF6D6}.Release|Any CPU.ActiveCfg = Release|Any CPU
		{A1D18AF4-0EB1-4FA2-AB1B-DEF4ADFFF6D6}.Release|Any CPU.Build.0 = Release|Any CPU
		{AD402A5B-2A60-47A9-BF48-8B21E0581FF2}.Debug|Any CPU.ActiveCfg = Debug|Any CPU
		{AD402A5B-2A60-47A9-BF48-8B21E0581FF2}.Debug|Any CPU.Build.0 = Debug|Any CPU
		{AD402A5B-2A60-47A9-BF48-8B21E0581FF2}.Release|Any CPU.ActiveCfg = Release|Any CPU
		{AD402A5B-2A60-47A9-BF48-8B21E0581FF2}.Release|Any CPU.Build.0 = Release|Any CPU
		{9A5EAFD1-E1D0-4B26-ACB0-F53BC6D99401}.Debug|Any CPU.ActiveCfg = Debug|Any CPU
		{9A5EAFD1-E1D0-4B26-ACB0-F53BC6D99401}.Debug|Any CPU.Build.0 = Debug|Any CPU
		{9A5EAFD1-E1D0-4B26-ACB0-F53BC6D99401}.Release|Any CPU.ActiveCfg = Release|Any CPU
		{9A5EAFD1-E1D0-4B26-ACB0-F53BC6D99401}.Release|Any CPU.Build.0 = Release|Any CPU
		{5E71DD9B-3B3E-4EF1-BF2C-4AF743C3CEB0}.Debug|Any CPU.ActiveCfg = Debug|Any CPU
		{5E71DD9B-3B3E-4EF1-BF2C-4AF743C3CEB0}.Debug|Any CPU.Build.0 = Debug|Any CPU
		{5E71DD9B-3B3E-4EF1-BF2C-4AF743C3CEB0}.Release|Any CPU.ActiveCfg = Release|Any CPU
		{5E71DD9B-3B3E-4EF1-BF2C-4AF743C3CEB0}.Release|Any CPU.Build.0 = Release|Any CPU
	EndGlobalSection
	GlobalSection(SolutionProperties) = preSolution
		HideSolutionNode = FALSE
	EndGlobalSection
EndGlobal
