
Microsoft Visual Studio Solution File, Format Version 12.00
# Visual Studio 15
VisualStudioVersion = 15.0.27004.2006
MinimumVisualStudioVersion = 10.0.40219.1
Project("{FAE04EC0-301F-11D3-BF4B-00C04F79EFBC}") = "T.MessageQueue.Test", "T.MessageQueue.Test\T.MessageQueue.Test.csproj", "{AD402A5B-2A60-47A9-BF48-8B21E0581FF2}"
EndProject
Project("{FAE04EC0-301F-11D3-BF4B-00C04F79EFBC}") = "T.MessageQueue.Rabbit", "T.MessageQueue.Rabbit\T.MessageQueue.Rabbit.csproj", "{9A5EAFD1-E1D0-4B26-ACB0-F53BC6D99401}"
EndProject
Global
	GlobalSection(SolutionConfigurationPlatforms) = preSolution
		Debug|Any CPU = Debug|Any CPU
		Release|Any CPU = Release|Any CPU
	EndGlobalSection
	GlobalSection(ProjectConfigurationPlatforms) = postSolution
		{AD402A5B-2A60-47A9-BF48-8B21E0581FF2}.Debug|Any CPU.ActiveCfg = Debug|Any CPU
		{AD402A5B-2A60-47A9-BF48-8B21E0581FF2}.Debug|Any CPU.Build.0 = Debug|Any CPU
		{AD402A5B-2A60-47A9-BF48-8B21E0581FF2}.Release|Any CPU.ActiveCfg = Release|Any CPU
		{AD402A5B-2A60-47A9-BF48-8B21E0581FF2}.Release|Any CPU.Build.0 = Release|Any CPU
		{9A5EAFD1-E1D0-4B26-ACB0-F53BC6D99401}.Debug|Any CPU.ActiveCfg = Debug|Any CPU
		{9A5EAFD1-E1D0-4B26-ACB0-F53BC6D99401}.Debug|Any CPU.Build.0 = Debug|Any CPU
		{9A5EAFD1-E1D0-4B26-ACB0-F53BC6D99401}.Release|Any CPU.ActiveCfg = Release|Any CPU
		{9A5EAFD1-E1D0-4B26-ACB0-F53BC6D99401}.Release|Any CPU.Build.0 = Release|Any CPU
	EndGlobalSection
	GlobalSection(SolutionProperties) = preSolution
		HideSolutionNode = FALSE
	EndGlobalSection
	GlobalSection(ExtensibilityGlobals) = postSolution
		SolutionGuid = {125E8C0B-B4C5-4AC2-917D-5ED084D79C7B}
	EndGlobalSection
EndGlobal
